<?xml version="1.0" encoding="utf-8"?>
<Project ToolsVersion="4.0" xmlns="http://schemas.microsoft.com/developer/msbuild/2003">
  <ItemGroup>
    <Filter Include="Source Files">
      <UniqueIdentifier>{4FC737F1-C7A5-4376-A066-2A32D752A2FF}</UniqueIdentifier>
      <Extensions>cpp;c;cc;cxx;def;odl;idl;hpj;bat;asm;asmx</Extensions>
    </Filter>
    <Filter Include="Header Files">
      <UniqueIdentifier>{93995380-89BD-4b04-88EB-625FBE52EBFB}</UniqueIdentifier>
      <Extensions>h;hh;hpp;hxx;hm;inl;inc;xsd</Extensions>
    </Filter>
    <Filter Include="Resource Files">
      <UniqueIdentifier>{67DA6AB6-F800-4c08-8B7A-83BB121AAD01}</UniqueIdentifier>
      <Extensions>rc;ico;cur;bmp;dlg;rc2;rct;bin;rgs;gif;jpg;jpeg;jpe;resx;tiff;tif;png;wav;mfcribbon-ms</Extensions>
    </Filter>
    <Filter Include="Header Files\entities">
      <UniqueIdentifier>{f524a00f-9f87-4b47-91c4-b9b8df519285}</UniqueIdentifier>
    </Filter>
    <Filter Include="Header Files\components">
      <UniqueIdentifier>{a384d007-d1eb-4209-ad50-c280e0edd864}</UniqueIdentifier>
    </Filter>
    <Filter Include="Source Files\entities">
      <UniqueIdentifier>{72aa15cc-ffb0-4465-afe4-d95036a8364f}</UniqueIdentifier>
    </Filter>
    <Filter Include="Source Files\components">
      <UniqueIdentifier>{70696dc7-7a6f-42a0-9db4-5e0f46646af2}</UniqueIdentifier>
    </Filter>
  </ItemGroup>
  <ItemGroup>
    <ClCompile Include="main.cpp">
      <Filter>Source Files</Filter>
    </ClCompile>
    <ClCompile Include="component.cpp">
      <Filter>Source Files</Filter>
    </ClCompile>
    <ClCompile Include="entity.cpp">
      <Filter>Source Files</Filter>
    </ClCompile>
    <ClCompile Include="image.cpp">
      <Filter>Source Files</Filter>
    </ClCompile>
    <ClCompile Include="components\sprite.cpp">
      <Filter>Source Files\components</Filter>
    </ClCompile>
    <ClCompile Include="components\position.cpp">
      <Filter>Source Files\components</Filter>
    </ClCompile>
    <ClCompile Include="debug.cpp">
      <Filter>Source Files</Filter>
    </ClCompile>
    <ClCompile Include="time.cpp">
      <Filter>Source Files</Filter>
    </ClCompile>
    <ClCompile Include="textureManager.cpp">
      <Filter>Source Files</Filter>
    </ClCompile>
    <ClCompile Include="physics.cpp">
      <Filter>Source Files</Filter>
    </ClCompile>
    <ClCompile Include="components\collisionMap.cpp">
      <Filter>Source Files\components</Filter>
    </ClCompile>
    <ClCompile Include="components\trigger.cpp">
      <Filter>Source Files\components</Filter>
    </ClCompile>
    <ClCompile Include="components\movable.cpp">
      <Filter>Source Files\components</Filter>
    </ClCompile>
    <ClCompile Include="components\rect.cpp">
      <Filter>Source Files\components</Filter>
    </ClCompile>
    <ClCompile Include="entities\tile.cpp">
      <Filter>Source Files\entities</Filter>
    </ClCompile>
    <ClCompile Include="spriteGroup.cpp">
      <Filter>Source Files</Filter>
    </ClCompile>
    <ClCompile Include="entities\staticSprite.cpp">
      <Filter>Source Files\entities</Filter>
    </ClCompile>
  </ItemGroup>
  <ItemGroup>
    <ClInclude Include="component.hpp">
      <Filter>Header Files</Filter>
    </ClInclude>
    <ClInclude Include="entity.hpp">
      <Filter>Header Files</Filter>
    </ClInclude>
    <ClInclude Include="level.hpp">
      <Filter>Header Files</Filter>
    </ClInclude>
    <ClInclude Include="texture.hpp">
      <Filter>Header Files</Filter>
    </ClInclude>
    <ClInclude Include="Components\sprite.hpp">
      <Filter>Header Files\components</Filter>
    </ClInclude>
    <ClInclude Include="components\position.hpp">
      <Filter>Header Files\components</Filter>
    </ClInclude>
    <ClInclude Include="debug.hpp">
      <Filter>Header Files</Filter>
    </ClInclude>
    <ClInclude Include="time.hpp">
      <Filter>Header Files</Filter>
    </ClInclude>
    <ClInclude Include="textureManager.hpp">
      <Filter>Header Files</Filter>
    </ClInclude>
    <ClInclude Include="physics.hpp">
      <Filter>Header Files</Filter>
    </ClInclude>
    <ClInclude Include="components\collisionMap.hpp">
      <Filter>Header Files\components</Filter>
    </ClInclude>
    <ClInclude Include="components\trigger.hpp">
      <Filter>Header Files\components</Filter>
    </ClInclude>
    <ClInclude Include="components\movable.hpp">
      <Filter>Header Files\components</Filter>
    </ClInclude>
    <ClInclude Include="components\rect.hpp">
      <Filter>Header Files\components</Filter>
    </ClInclude>
    <ClInclude Include="entities\tile.hpp">
      <Filter>Header Files\entities</Filter>
    </ClInclude>
    <ClInclude Include="spriteGroup.h">
      <Filter>Header Files</Filter>
    </ClInclude>
    <ClInclude Include="entities\staticSprite.hpp">
      <Filter>Header Files\entities</Filter>
    </ClInclude>
  </ItemGroup>
</Project>