
Microsoft Visual Studio Solution File, Format Version 12.00
# Visual Studio 2013
VisualStudioVersion = 12.0.21005.1
MinimumVisualStudioVersion = 10.0.40219.1
Project("{8BC9CEB8-8B4A-11D0-8D11-00A0C91BC942}") = "Platformer", "Platformer.vcxproj", "{2BCC7680-6F7A-492E-923B-7F0AE392ED65}"
EndProject
Project("{2150E333-8FDC-42A3-9474-1A3956D46DE8}") = "Solution Items", "Solution Items", "{76E73439-3CEF-4E7E-ABBC-24DA1B2B64EC}"
	ProjectSection(SolutionItems) = preProject
		Performance1.psess = Performance1.psess
		Performance2.psess = Performance2.psess
	EndProjectSection
EndProject
Project("{8BC9CEB8-8B4A-11D0-8D11-00A0C91BC942}") = "TileCutter", "..\TileCutter\TileCutter.vcxproj", "{7F71F3AC-8307-46E4-862D-1452A4477DFC}"
EndProject
Global
	GlobalSection(SolutionConfigurationPlatforms) = preSolution
		Debug|Win32 = Debug|Win32
		Release|Win32 = Release|Win32
	EndGlobalSection
	GlobalSection(ProjectConfigurationPlatforms) = postSolution
		{2BCC7680-6F7A-492E-923B-7F0AE392ED65}.Debug|Win32.ActiveCfg = Debug|Win32
		{2BCC7680-6F7A-492E-923B-7F0AE392ED65}.Debug|Win32.Build.0 = Debug|Win32
		{2BCC7680-6F7A-492E-923B-7F0AE392ED65}.Release|Win32.ActiveCfg = Release|Win32
		{2BCC7680-6F7A-492E-923B-7F0AE392ED65}.Release|Win32.Build.0 = Release|Win32
		{7F71F3AC-8307-46E4-862D-1452A4477DFC}.Debug|Win32.ActiveCfg = Debug|Win32
		{7F71F3AC-8307-46E4-862D-1452A4477DFC}.Debug|Win32.Build.0 = Debug|Win32
		{7F71F3AC-8307-46E4-862D-1452A4477DFC}.Release|Win32.ActiveCfg = Release|Win32
		{7F71F3AC-8307-46E4-862D-1452A4477DFC}.Release|Win32.Build.0 = Release|Win32
	EndGlobalSection
	GlobalSection(SolutionProperties) = preSolution
		HideSolutionNode = FALSE
	EndGlobalSection
	GlobalSection(Performance) = preSolution
		HasPerformanceSessions = true
	EndGlobalSection
EndGlobal
